<?xml version="1.0" encoding="utf-8"?>
<Project ToolsVersion="4.0" xmlns="http://schemas.microsoft.com/developer/msbuild/2003">
  <ItemGroup>
    <ClCompile Include="pch.cpp" />
    <ClCompile Include="UtilsTest.cpp">
      <Filter>Test</Filter>
    </ClCompile>
    <ClCompile Include="ConfigTest.cpp">
      <Filter>Test</Filter>
    </ClCompile>
    <ClCompile Include="GetVkCodeTests.cpp">
      <Filter>Test</Filter>
    </ClCompile>
    <ClCompile Include="ConfigReaderTest.cpp">
      <Filter>Test</Filter>
    </ClCompile>
    <ClCompile Include="WindowTest.cpp">
      <Filter>Test</Filter>
    </ClCompile>
    <ClCompile Include="MonitorTest.cpp">
      <Filter>Test</Filter>
    </ClCompile>
  </ItemGroup>
  <ItemGroup>
    <ClInclude Include="pch.h" />
  </ItemGroup>
  <ItemGroup>
    <Filter Include="Test">
      <UniqueIdentifier>{dfd4dad6-3085-4d72-b2af-0e8b239d4740}</UniqueIdentifier>
    </Filter>
  </ItemGroup>
  <ItemGroup>
    <None Include="packages.config" />
  </ItemGroup>
</Project>